// !$*UTF8*$!
{
	archiveVersion = 1;
	classes = {
	};
	objectVersion = 77;
	objects = {

/* Begin PBXBuildFile section */
		114868812A9E4B9192F557FD /* libghostty.a in Frameworks */ = {isa = PBXBuildFile; fileRef = 1B5F5001E481458AA833EF64 /* libghostty.a */; };
		12F1C5E23C2B47B1B6A14B03 /* CodeEditLanguages in Frameworks */ = {isa = PBXBuildFile; productRef = 0F130FE69B3B46DE88340E02 /* CodeEditLanguages */; };
		93CEACC71254477CB987BA45 /* CodeEditSymbols in Frameworks */ = {isa = PBXBuildFile; productRef = A67F2A020FCB4AB1B074837D /* CodeEditSymbols */; };
		D7245E606E834A01AF59B435 /* CodeEditSourceEditor in Frameworks */ = {isa = PBXBuildFile; productRef = 9149CD05B1074D1490C41427 /* CodeEditSourceEditor */; };
		ECC201D4093342D8A219C1EA /* CodeEditTextView in Frameworks */ = {isa = PBXBuildFile; productRef = 1B6E2133151B4B8A9DE213DC /* CodeEditTextView */; };
/* End PBXBuildFile section */

/* Begin PBXContainerItemProxy section */
		23B6DAB42EFDA93700D5AB34 /* PBXContainerItemProxy */ = {
			isa = PBXContainerItemProxy;
			containerPortal = 23B6DA9E2EFDA93600D5AB34 /* Project object */;
			proxyType = 1;
			remoteGlobalIDString = 23B6DAA52EFDA93600D5AB34;
			remoteInfo = zenban;
		};
		23B6DABE2EFDA93700D5AB34 /* PBXContainerItemProxy */ = {
			isa = PBXContainerItemProxy;
			containerPortal = 23B6DA9E2EFDA93600D5AB34 /* Project object */;
			proxyType = 1;
			remoteGlobalIDString = 23B6DAA52EFDA93600D5AB34;
			remoteInfo = zenban;
		};
/* End PBXContainerItemProxy section */

/* Begin PBXFileReference section */
		1B5F5001E481458AA833EF64 /* libghostty.a */ = {isa = PBXFileReference; lastKnownFileType = archive.ar; name = libghostty.a; path = libghostty/lib/libghostty.a; sourceTree = "<group>"; };
		23B6DAA62EFDA93600D5AB34 /* zenban.app */ = {isa = PBXFileReference; explicitFileType = wrapper.application; includeInIndex = 0; path = zenban.app; sourceTree = BUILT_PRODUCTS_DIR; };
		23B6DAB32EFDA93700D5AB34 /* zenbanTests.xctest */ = {isa = PBXFileReference; explicitFileType = wrapper.cfbundle; includeInIndex = 0; path = zenbanTests.xctest; sourceTree = BUILT_PRODUCTS_DIR; };
		23B6DABD2EFDA93700D5AB34 /* zenbanUITests.xctest */ = {isa = PBXFileReference; explicitFileType = wrapper.cfbundle; includeInIndex = 0; path = zenbanUITests.xctest; sourceTree = BUILT_PRODUCTS_DIR; };
/* End PBXFileReference section */

/* Begin PBXFileSystemSynchronizedBuildFileExceptionSet section */
		23B6DBB12EFFAA0000D5AB34 /* Exceptions for "zenban" folder in "zenban" target */ = {
			isa = PBXFileSystemSynchronizedBuildFileExceptionSet;
			membershipExceptions = (
				Info.plist,
			);
			target = 23B6DAA52EFDA93600D5AB34 /* zenban */;
		};
/* End PBXFileSystemSynchronizedBuildFileExceptionSet section */

/* Begin PBXFileSystemSynchronizedRootGroup section */
		23B6DAA82EFDA93600D5AB34 /* zenban */ = {
			isa = PBXFileSystemSynchronizedRootGroup;
			exceptions = (
				23B6DBB12EFFAA0000D5AB34 /* Exceptions for "zenban" folder in "zenban" target */,
			);
			path = zenban;
			sourceTree = "<group>";
		};
		23B6DAB62EFDA93700D5AB34 /* zenbanTests */ = {
			isa = PBXFileSystemSynchronizedRootGroup;
			path = zenbanTests;
			sourceTree = "<group>";
		};
		23B6DAC02EFDA93700D5AB34 /* zenbanUITests */ = {
			isa = PBXFileSystemSynchronizedRootGroup;
			path = zenbanUITests;
			sourceTree = "<group>";
		};
/* End PBXFileSystemSynchronizedRootGroup section */

/* Begin PBXFrameworksBuildPhase section */
		23B6DAA32EFDA93600D5AB34 /* Frameworks */ = {
			isa = PBXFrameworksBuildPhase;
			buildActionMask = 2147483647;
			files = (
				D7245E606E834A01AF59B435 /* CodeEditSourceEditor in Frameworks */,
				12F1C5E23C2B47B1B6A14B03 /* CodeEditLanguages in Frameworks */,
				ECC201D4093342D8A219C1EA /* CodeEditTextView in Frameworks */,
				93CEACC71254477CB987BA45 /* CodeEditSymbols in Frameworks */,
				114868812A9E4B9192F557FD /* libghostty.a in Frameworks */,
			);
			runOnlyForDeploymentPostprocessing = 0;
		};
		23B6DAB02EFDA93700D5AB34 /* Frameworks */ = {
			isa = PBXFrameworksBuildPhase;
			buildActionMask = 2147483647;
			files = (
			);
			runOnlyForDeploymentPostprocessing = 0;
		};
		23B6DABA2EFDA93700D5AB34 /* Frameworks */ = {
			isa = PBXFrameworksBuildPhase;
			buildActionMask = 2147483647;
			files = (
			);
			runOnlyForDeploymentPostprocessing = 0;
		};
/* End PBXFrameworksBuildPhase section */

/* Begin PBXGroup section */
		23B6DA9D2EFDA93600D5AB34 = {
			isa = PBXGroup;
			children = (
				23B6DAA82EFDA93600D5AB34 /* zenban */,
				23B6DAB62EFDA93700D5AB34 /* zenbanTests */,
				23B6DAC02EFDA93700D5AB34 /* zenbanUITests */,
				34A65B16E2F644D6AE876491 /* Vendor */,
				23B6DAA72EFDA93600D5AB34 /* Products */,
			);
			sourceTree = "<group>";
		};
		23B6DAA72EFDA93600D5AB34 /* Products */ = {
			isa = PBXGroup;
			children = (
				23B6DAA62EFDA93600D5AB34 /* zenban.app */,
				23B6DAB32EFDA93700D5AB34 /* zenbanTests.xctest */,
				23B6DABD2EFDA93700D5AB34 /* zenbanUITests.xctest */,
			);
			name = Products;
			sourceTree = "<group>";
		};
		34A65B16E2F644D6AE876491 /* Vendor */ = {
			isa = PBXGroup;
			children = (
				1B5F5001E481458AA833EF64 /* libghostty.a */,
			);
			path = Vendor;
			sourceTree = "<group>";
		};
/* End PBXGroup section */

/* Begin PBXNativeTarget section */
		23B6DAA52EFDA93600D5AB34 /* zenban */ = {
			isa = PBXNativeTarget;
			buildConfigurationList = 23B6DAC72EFDA93700D5AB34 /* Build configuration list for PBXNativeTarget "zenban" */;
			buildPhases = (
				23B6DAA22EFDA93600D5AB34 /* Sources */,
				23B6DAA32EFDA93600D5AB34 /* Frameworks */,
				23B6DAA42EFDA93600D5AB34 /* Resources */,
			);
			buildRules = (
			);
			dependencies = (
			);
			fileSystemSynchronizedGroups = (
				23B6DAA82EFDA93600D5AB34 /* zenban */,
			);
			name = zenban;
			packageProductDependencies = (
				9149CD05B1074D1490C41427 /* CodeEditSourceEditor */,
				0F130FE69B3B46DE88340E02 /* CodeEditLanguages */,
				1B6E2133151B4B8A9DE213DC /* CodeEditTextView */,
				A67F2A020FCB4AB1B074837D /* CodeEditSymbols */,
			);
			productName = zenban;
			productReference = 23B6DAA62EFDA93600D5AB34 /* zenban.app */;
			productType = "com.apple.product-type.application";
		};
		23B6DAB22EFDA93700D5AB34 /* zenbanTests */ = {
			isa = PBXNativeTarget;
			buildConfigurationList = 23B6DACA2EFDA93700D5AB34 /* Build configuration list for PBXNativeTarget "zenbanTests" */;
			buildPhases = (
				23B6DAAF2EFDA93700D5AB34 /* Sources */,
				23B6DAB02EFDA93700D5AB34 /* Frameworks */,
				23B6DAB12EFDA93700D5AB34 /* Resources */,
			);
			buildRules = (
			);
			dependencies = (
				23B6DAB52EFDA93700D5AB34 /* PBXTargetDependency */,
			);
			fileSystemSynchronizedGroups = (
				23B6DAB62EFDA93700D5AB34 /* zenbanTests */,
			);
			name = zenbanTests;
			packageProductDependencies = (
			);
			productName = zenbanTests;
			productReference = 23B6DAB32EFDA93700D5AB34 /* zenbanTests.xctest */;
			productType = "com.apple.product-type.bundle.unit-test";
		};
		23B6DABC2EFDA93700D5AB34 /* zenbanUITests */ = {
			isa = PBXNativeTarget;
			buildConfigurationList = 23B6DACD2EFDA93700D5AB34 /* Build configuration list for PBXNativeTarget "zenbanUITests" */;
			buildPhases = (
				23B6DAB92EFDA93700D5AB34 /* Sources */,
				23B6DABA2EFDA93700D5AB34 /* Frameworks */,
				23B6DABB2EFDA93700D5AB34 /* Resources */,
			);
			buildRules = (
			);
			dependencies = (
				23B6DABF2EFDA93700D5AB34 /* PBXTargetDependency */,
			);
			fileSystemSynchronizedGroups = (
				23B6DAC02EFDA93700D5AB34 /* zenbanUITests */,
			);
			name = zenbanUITests;
			packageProductDependencies = (
			);
			productName = zenbanUITests;
			productReference = 23B6DABD2EFDA93700D5AB34 /* zenbanUITests.xctest */;
			productType = "com.apple.product-type.bundle.ui-testing";
		};
/* End PBXNativeTarget section */

/* Begin PBXProject section */
		23B6DA9E2EFDA93600D5AB34 /* Project object */ = {
			isa = PBXProject;
			attributes = {
				BuildIndependentTargetsInParallel = 1;
				LastSwiftUpdateCheck = 2620;
				LastUpgradeCheck = 2620;
				TargetAttributes = {
					23B6DAA52EFDA93600D5AB34 = {
						CreatedOnToolsVersion = 26.2;
					};
					23B6DAB22EFDA93700D5AB34 = {
						CreatedOnToolsVersion = 26.2;
						TestTargetID = 23B6DAA52EFDA93600D5AB34;
					};
					23B6DABC2EFDA93700D5AB34 = {
						CreatedOnToolsVersion = 26.2;
						TestTargetID = 23B6DAA52EFDA93600D5AB34;
					};
				};
			};
			buildConfigurationList = 23B6DAA12EFDA93600D5AB34 /* Build configuration list for PBXProject "zenban" */;
			developmentRegion = en;
			hasScannedForEncodings = 0;
			knownRegions = (
				en,
				Base,
			);
			mainGroup = 23B6DA9D2EFDA93600D5AB34;
			minimizedProjectReferenceProxies = 1;
			packageReferences = (
				AD8D57EBCC204B0A8CCC0988 /* XCRemoteSwiftPackageReference "CodeEditSourceEditor" */,
				5CDF753EA2FB40DDB955C0A6 /* XCRemoteSwiftPackageReference "CodeEditLanguages" */,
				18FA255C9F11408C8DB18369 /* XCRemoteSwiftPackageReference "CodeEditTextView" */,
				4E26F0CB434349ABBC938F2B /* XCRemoteSwiftPackageReference "CodeEditSymbols" */,
			);
			preferredProjectObjectVersion = 77;
			productRefGroup = 23B6DAA72EFDA93600D5AB34 /* Products */;
			projectDirPath = "";
			projectRoot = "";
			targets = (
				23B6DAA52EFDA93600D5AB34 /* zenban */,
				23B6DAB22EFDA93700D5AB34 /* zenbanTests */,
				23B6DABC2EFDA93700D5AB34 /* zenbanUITests */,
			);
		};
/* End PBXProject section */

/* Begin PBXResourcesBuildPhase section */
		23B6DAA42EFDA93600D5AB34 /* Resources */ = {
			isa = PBXResourcesBuildPhase;
			buildActionMask = 2147483647;
			files = (
			);
			runOnlyForDeploymentPostprocessing = 0;
		};
		23B6DAB12EFDA93700D5AB34 /* Resources */ = {
			isa = PBXResourcesBuildPhase;
			buildActionMask = 2147483647;
			files = (
			);
			runOnlyForDeploymentPostprocessing = 0;
		};
		23B6DABB2EFDA93700D5AB34 /* Resources */ = {
			isa = PBXResourcesBuildPhase;
			buildActionMask = 2147483647;
			files = (
			);
			runOnlyForDeploymentPostprocessing = 0;
		};
/* End PBXResourcesBuildPhase section */

/* Begin PBXSourcesBuildPhase section */
		23B6DAA22EFDA93600D5AB34 /* Sources */ = {
			isa = PBXSourcesBuildPhase;
			buildActionMask = 2147483647;
			files = (
			);
			runOnlyForDeploymentPostprocessing = 0;
		};
		23B6DAAF2EFDA93700D5AB34 /* Sources */ = {
			isa = PBXSourcesBuildPhase;
			buildActionMask = 2147483647;
			files = (
			);
			runOnlyForDeploymentPostprocessing = 0;
		};
		23B6DAB92EFDA93700D5AB34 /* Sources */ = {
			isa = PBXSourcesBuildPhase;
			buildActionMask = 2147483647;
			files = (
			);
			runOnlyForDeploymentPostprocessing = 0;
		};
/* End PBXSourcesBuildPhase section */

/* Begin PBXTargetDependency section */
		23B6DAB52EFDA93700D5AB34 /* PBXTargetDependency */ = {
			isa = PBXTargetDependency;
			target = 23B6DAA52EFDA93600D5AB34 /* zenban */;
			targetProxy = 23B6DAB42EFDA93700D5AB34 /* PBXContainerItemProxy */;
		};
		23B6DABF2EFDA93700D5AB34 /* PBXTargetDependency */ = {
			isa = PBXTargetDependency;
			target = 23B6DAA52EFDA93600D5AB34 /* zenban */;
			targetProxy = 23B6DABE2EFDA93700D5AB34 /* PBXContainerItemProxy */;
		};
/* End PBXTargetDependency section */

/* Begin XCBuildConfiguration section */
		23B6DAC52EFDA93700D5AB34 /* Debug */ = {
			isa = XCBuildConfiguration;
			buildSettings = {
				ALWAYS_SEARCH_USER_PATHS = NO;
				ASSETCATALOG_COMPILER_GENERATE_SWIFT_ASSET_SYMBOL_EXTENSIONS = YES;
				CLANG_ANALYZER_NONNULL = YES;
				CLANG_ANALYZER_NUMBER_OBJECT_CONVERSION = YES_AGGRESSIVE;
				CLANG_CXX_LANGUAGE_STANDARD = "gnu++20";
				CLANG_ENABLE_MODULES = YES;
				CLANG_ENABLE_OBJC_ARC = YES;
				CLANG_ENABLE_OBJC_WEAK = YES;
				CLANG_WARN_BLOCK_CAPTURE_AUTORELEASING = YES;
				CLANG_WARN_BOOL_CONVERSION = YES;
				CLANG_WARN_COMMA = YES;
				CLANG_WARN_CONSTANT_CONVERSION = YES;
				CLANG_WARN_DEPRECATED_OBJC_IMPLEMENTATIONS = YES;
				CLANG_WARN_DIRECT_OBJC_ISA_USAGE = YES_ERROR;
				CLANG_WARN_DOCUMENTATION_COMMENTS = YES;
				CLANG_WARN_EMPTY_BODY = YES;
				CLANG_WARN_ENUM_CONVERSION = YES;
				CLANG_WARN_INFINITE_RECURSION = YES;
				CLANG_WARN_INT_CONVERSION = YES;
				CLANG_WARN_NON_LITERAL_NULL_CONVERSION = YES;
				CLANG_WARN_OBJC_IMPLICIT_RETAIN_SELF = YES;
				CLANG_WARN_OBJC_LITERAL_CONVERSION = YES;
				CLANG_WARN_OBJC_ROOT_CLASS = YES_ERROR;
				CLANG_WARN_QUOTED_INCLUDE_IN_FRAMEWORK_HEADER = YES;
				CLANG_WARN_RANGE_LOOP_ANALYSIS = YES;
				CLANG_WARN_STRICT_PROTOTYPES = YES;
				CLANG_WARN_SUSPICIOUS_MOVE = YES;
				CLANG_WARN_UNGUARDED_AVAILABILITY = YES_AGGRESSIVE;
				CLANG_WARN_UNREACHABLE_CODE = YES;
				CLANG_WARN__DUPLICATE_METHOD_MATCH = YES;
				COPY_PHASE_STRIP = NO;
				DEBUG_INFORMATION_FORMAT = dwarf;
				DEVELOPMENT_TEAM = 5BV7M9S54F;
				ENABLE_STRICT_OBJC_MSGSEND = YES;
				ENABLE_TESTABILITY = YES;
				ENABLE_USER_SCRIPT_SANDBOXING = YES;
				GCC_C_LANGUAGE_STANDARD = gnu17;
				GCC_DYNAMIC_NO_PIC = NO;
				GCC_NO_COMMON_BLOCKS = YES;
				GCC_OPTIMIZATION_LEVEL = 0;
				GCC_PREPROCESSOR_DEFINITIONS = (
					"DEBUG=1",
					"$(inherited)",
				);
				GCC_WARN_64_TO_32_BIT_CONVERSION = YES;
				GCC_WARN_ABOUT_RETURN_TYPE = YES_ERROR;
				GCC_WARN_UNDECLARED_SELECTOR = YES;
				GCC_WARN_UNINITIALIZED_AUTOS = YES_AGGRESSIVE;
				GCC_WARN_UNUSED_FUNCTION = YES;
				GCC_WARN_UNUSED_VARIABLE = YES;
				LOCALIZATION_PREFERS_STRING_CATALOGS = YES;
				MACOSX_DEPLOYMENT_TARGET = 15.6;
				MTL_ENABLE_DEBUG_INFO = INCLUDE_SOURCE;
				MTL_FAST_MATH = YES;
				ONLY_ACTIVE_ARCH = YES;
				SDKROOT = macosx;
				SWIFT_ACTIVE_COMPILATION_CONDITIONS = "DEBUG $(inherited)";
				SWIFT_OPTIMIZATION_LEVEL = "-Onone";
			};
			name = Debug;
		};
		23B6DAC62EFDA93700D5AB34 /* Release */ = {
			isa = XCBuildConfiguration;
			buildSettings = {
				ALWAYS_SEARCH_USER_PATHS = NO;
				ASSETCATALOG_COMPILER_GENERATE_SWIFT_ASSET_SYMBOL_EXTENSIONS = YES;
				CLANG_ANALYZER_NONNULL = YES;
				CLANG_ANALYZER_NUMBER_OBJECT_CONVERSION = YES_AGGRESSIVE;
				CLANG_CXX_LANGUAGE_STANDARD = "gnu++20";
				CLANG_ENABLE_MODULES = YES;
				CLANG_ENABLE_OBJC_ARC = YES;
				CLANG_ENABLE_OBJC_WEAK = YES;
				CLANG_WARN_BLOCK_CAPTURE_AUTORELEASING = YES;
				CLANG_WARN_BOOL_CONVERSION = YES;
				CLANG_WARN_COMMA = YES;
				CLANG_WARN_CONSTANT_CONVERSION = YES;
				CLANG_WARN_DEPRECATED_OBJC_IMPLEMENTATIONS = YES;
				CLANG_WARN_DIRECT_OBJC_ISA_USAGE = YES_ERROR;
				CLANG_WARN_DOCUMENTATION_COMMENTS = YES;
				CLANG_WARN_EMPTY_BODY = YES;
				CLANG_WARN_ENUM_CONVERSION = YES;
				CLANG_WARN_INFINITE_RECURSION = YES;
				CLANG_WARN_INT_CONVERSION = YES;
				CLANG_WARN_NON_LITERAL_NULL_CONVERSION = YES;
				CLANG_WARN_OBJC_IMPLICIT_RETAIN_SELF = YES;
				CLANG_WARN_OBJC_LITERAL_CONVERSION = YES;
				CLANG_WARN_OBJC_ROOT_CLASS = YES_ERROR;
				CLANG_WARN_QUOTED_INCLUDE_IN_FRAMEWORK_HEADER = YES;
				CLANG_WARN_RANGE_LOOP_ANALYSIS = YES;
				CLANG_WARN_STRICT_PROTOTYPES = YES;
				CLANG_WARN_SUSPICIOUS_MOVE = YES;
				CLANG_WARN_UNGUARDED_AVAILABILITY = YES_AGGRESSIVE;
				CLANG_WARN_UNREACHABLE_CODE = YES;
				CLANG_WARN__DUPLICATE_METHOD_MATCH = YES;
				COPY_PHASE_STRIP = NO;
				DEBUG_INFORMATION_FORMAT = "dwarf-with-dsym";
				DEVELOPMENT_TEAM = 5BV7M9S54F;
				ENABLE_NS_ASSERTIONS = NO;
				ENABLE_STRICT_OBJC_MSGSEND = YES;
				ENABLE_USER_SCRIPT_SANDBOXING = YES;
				GCC_C_LANGUAGE_STANDARD = gnu17;
				GCC_NO_COMMON_BLOCKS = YES;
				GCC_WARN_64_TO_32_BIT_CONVERSION = YES;
				GCC_WARN_ABOUT_RETURN_TYPE = YES_ERROR;
				GCC_WARN_UNDECLARED_SELECTOR = YES;
				GCC_WARN_UNINITIALIZED_AUTOS = YES_AGGRESSIVE;
				GCC_WARN_UNUSED_FUNCTION = YES;
				GCC_WARN_UNUSED_VARIABLE = YES;
				LOCALIZATION_PREFERS_STRING_CATALOGS = YES;
				MACOSX_DEPLOYMENT_TARGET = 15.6;
				MTL_ENABLE_DEBUG_INFO = NO;
				MTL_FAST_MATH = YES;
				SDKROOT = macosx;
				SWIFT_COMPILATION_MODE = wholemodule;
			};
			name = Release;
		};
		23B6DAC82EFDA93700D5AB34 /* Debug */ = {
			isa = XCBuildConfiguration;
			buildSettings = {
				ASSETCATALOG_COMPILER_APPICON_NAME = AppIcon;
				ASSETCATALOG_COMPILER_GLOBAL_ACCENT_COLOR_NAME = AccentColor;
				CODE_SIGN_ENTITLEMENTS = zenban/zenban.entitlements;
				CODE_SIGN_STYLE = Manual;
				COMBINE_HIDPI_IMAGES = YES;
				CURRENT_PROJECT_VERSION = 1;
				DEVELOPMENT_TEAM = "";
				ENABLE_APP_SANDBOX = NO;
				ENABLE_HARDENED_RUNTIME = YES;
				ENABLE_PREVIEWS = YES;
				ENABLE_USER_SELECTED_FILES = readonly;
				GENERATE_INFOPLIST_FILE = YES;
				HEADER_SEARCH_PATHS = "$(SRCROOT)/Vendor/libghostty/include";
				INFOPLIST_FILE = zenban/Info.plist;
				INFOPLIST_KEY_NSHumanReadableCopyright = "";
				LD_RUNPATH_SEARCH_PATHS = (
					"$(inherited)",
					"@executable_path/../Frameworks",
				);
				LIBRARY_SEARCH_PATHS = "$(SRCROOT)/Vendor/libghostty/lib";
				MARKETING_VERSION = 1.0;
				OTHER_LDFLAGS = (
					"-lghostty",
					"-lc++",
					"-framework",
					Carbon,
					"-framework",
					Metal,
					"-framework",
					MetalKit,
					"-framework",
					CoreText,
					"-framework",
					QuartzCore,
					"-framework",
					CoreGraphics,
					"-framework",
					IOKit,
					"-framework",
					UniformTypeIdentifiers,
				);
				PRODUCT_BUNDLE_IDENTIFIER = com.berkaycit.zenban;
				PRODUCT_NAME = "$(TARGET_NAME)";
				PROVISIONING_PROFILE_SPECIFIER = "";
				REGISTER_APP_GROUPS = YES;
				STRING_CATALOG_GENERATE_SYMBOLS = YES;
				SWIFT_APPROACHABLE_CONCURRENCY = YES;
				SWIFT_DEFAULT_ACTOR_ISOLATION = MainActor;
				SWIFT_EMIT_LOC_STRINGS = YES;
				SWIFT_OBJC_BRIDGING_HEADER = "$(SRCROOT)/zenban/ghostty-bridging-header.h";
				SWIFT_UPCOMING_FEATURE_MEMBER_IMPORT_VISIBILITY = YES;
				SWIFT_VERSION = 5.0;
			};
			name = Debug;
		};
		23B6DAC92EFDA93700D5AB34 /* Release */ = {
			isa = XCBuildConfiguration;
			buildSettings = {
				ASSETCATALOG_COMPILER_APPICON_NAME = AppIcon;
				ASSETCATALOG_COMPILER_GLOBAL_ACCENT_COLOR_NAME = AccentColor;
				CODE_SIGN_ENTITLEMENTS = zenban/zenban.entitlements;
				CODE_SIGN_STYLE = Manual;
				COMBINE_HIDPI_IMAGES = YES;
				CURRENT_PROJECT_VERSION = 1;
				DEVELOPMENT_TEAM = "";
				ENABLE_APP_SANDBOX = NO;
				ENABLE_HARDENED_RUNTIME = YES;
				ENABLE_PREVIEWS = YES;
				ENABLE_USER_SELECTED_FILES = readonly;
				GENERATE_INFOPLIST_FILE = YES;
				HEADER_SEARCH_PATHS = "$(SRCROOT)/Vendor/libghostty/include";
				INFOPLIST_FILE = zenban/Info.plist;
				INFOPLIST_KEY_NSHumanReadableCopyright = "";
				LD_RUNPATH_SEARCH_PATHS = (
					"$(inherited)",
					"@executable_path/../Frameworks",
				);
				LIBRARY_SEARCH_PATHS = "$(SRCROOT)/Vendor/libghostty/lib";
				MARKETING_VERSION = 1.0;
				OTHER_LDFLAGS = (
					"-lghostty",
					"-lc++",
					"-framework",
					Carbon,
					"-framework",
					Metal,
					"-framework",
					MetalKit,
					"-framework",
					CoreText,
					"-framework",
					QuartzCore,
					"-framework",
					CoreGraphics,
					"-framework",
					IOKit,
					"-framework",
					UniformTypeIdentifiers,
				);
				PRODUCT_BUNDLE_IDENTIFIER = com.berkaycit.zenban;
				PRODUCT_NAME = "$(TARGET_NAME)";
				PROVISIONING_PROFILE_SPECIFIER = "";
				REGISTER_APP_GROUPS = YES;
				STRING_CATALOG_GENERATE_SYMBOLS = YES;
				SWIFT_APPROACHABLE_CONCURRENCY = YES;
				SWIFT_DEFAULT_ACTOR_ISOLATION = MainActor;
				SWIFT_EMIT_LOC_STRINGS = YES;
				SWIFT_OBJC_BRIDGING_HEADER = "$(SRCROOT)/zenban/ghostty-bridging-header.h";
				SWIFT_UPCOMING_FEATURE_MEMBER_IMPORT_VISIBILITY = YES;
				SWIFT_VERSION = 5.0;
			};
			name = Release;
		};
		23B6DACB2EFDA93700D5AB34 /* Debug */ = {
			isa = XCBuildConfiguration;
			buildSettings = {
				BUNDLE_LOADER = "$(TEST_HOST)";
				CODE_SIGN_STYLE = Automatic;
				CURRENT_PROJECT_VERSION = 1;
				DEVELOPMENT_TEAM = 5BV7M9S54F;
				GENERATE_INFOPLIST_FILE = YES;
				MACOSX_DEPLOYMENT_TARGET = 15.6;
				MARKETING_VERSION = 1.0;
				PRODUCT_BUNDLE_IDENTIFIER = com.berkaycit.zenbanTests;
				PRODUCT_NAME = "$(TARGET_NAME)";
				STRING_CATALOG_GENERATE_SYMBOLS = NO;
				SWIFT_APPROACHABLE_CONCURRENCY = YES;
				SWIFT_EMIT_LOC_STRINGS = NO;
				SWIFT_UPCOMING_FEATURE_MEMBER_IMPORT_VISIBILITY = YES;
				SWIFT_VERSION = 5.0;
				TEST_HOST = "$(BUILT_PRODUCTS_DIR)/zenban.app/$(BUNDLE_EXECUTABLE_FOLDER_PATH)/zenban";
			};
			name = Debug;
		};
		23B6DACC2EFDA93700D5AB34 /* Release */ = {
			isa = XCBuildConfiguration;
			buildSettings = {
				BUNDLE_LOADER = "$(TEST_HOST)";
				CODE_SIGN_STYLE = Automatic;
				CURRENT_PROJECT_VERSION = 1;
				DEVELOPMENT_TEAM = 5BV7M9S54F;
				GENERATE_INFOPLIST_FILE = YES;
				MACOSX_DEPLOYMENT_TARGET = 15.6;
				MARKETING_VERSION = 1.0;
				PRODUCT_BUNDLE_IDENTIFIER = com.berkaycit.zenbanTests;
				PRODUCT_NAME = "$(TARGET_NAME)";
				STRING_CATALOG_GENERATE_SYMBOLS = NO;
				SWIFT_APPROACHABLE_CONCURRENCY = YES;
				SWIFT_EMIT_LOC_STRINGS = NO;
				SWIFT_UPCOMING_FEATURE_MEMBER_IMPORT_VISIBILITY = YES;
				SWIFT_VERSION = 5.0;
				TEST_HOST = "$(BUILT_PRODUCTS_DIR)/zenban.app/$(BUNDLE_EXECUTABLE_FOLDER_PATH)/zenban";
			};
			name = Release;
		};
		23B6DACE2EFDA93700D5AB34 /* Debug */ = {
			isa = XCBuildConfiguration;
			buildSettings = {
				CODE_SIGN_STYLE = Automatic;
				CURRENT_PROJECT_VERSION = 1;
				DEVELOPMENT_TEAM = 5BV7M9S54F;
				GENERATE_INFOPLIST_FILE = YES;
				MARKETING_VERSION = 1.0;
				PRODUCT_BUNDLE_IDENTIFIER = com.berkaycit.zenbanUITests;
				PRODUCT_NAME = "$(TARGET_NAME)";
				STRING_CATALOG_GENERATE_SYMBOLS = NO;
				SWIFT_APPROACHABLE_CONCURRENCY = YES;
				SWIFT_EMIT_LOC_STRINGS = NO;
				SWIFT_UPCOMING_FEATURE_MEMBER_IMPORT_VISIBILITY = YES;
				SWIFT_VERSION = 5.0;
				TEST_TARGET_NAME = zenban;
			};
			name = Debug;
		};
		23B6DACF2EFDA93700D5AB34 /* Release */ = {
			isa = XCBuildConfiguration;
			buildSettings = {
				CODE_SIGN_STYLE = Automatic;
				CURRENT_PROJECT_VERSION = 1;
				DEVELOPMENT_TEAM = 5BV7M9S54F;
				GENERATE_INFOPLIST_FILE = YES;
				MARKETING_VERSION = 1.0;
				PRODUCT_BUNDLE_IDENTIFIER = com.berkaycit.zenbanUITests;
				PRODUCT_NAME = "$(TARGET_NAME)";
				STRING_CATALOG_GENERATE_SYMBOLS = NO;
				SWIFT_APPROACHABLE_CONCURRENCY = YES;
				SWIFT_EMIT_LOC_STRINGS = NO;
				SWIFT_UPCOMING_FEATURE_MEMBER_IMPORT_VISIBILITY = YES;
				SWIFT_VERSION = 5.0;
				TEST_TARGET_NAME = zenban;
			};
			name = Release;
		};
/* End XCBuildConfiguration section */

/* Begin XCConfigurationList section */
		23B6DAA12EFDA93600D5AB34 /* Build configuration list for PBXProject "zenban" */ = {
			isa = XCConfigurationList;
			buildConfigurations = (
				23B6DAC52EFDA93700D5AB34 /* Debug */,
				23B6DAC62EFDA93700D5AB34 /* Release */,
			);
			defaultConfigurationIsVisible = 0;
			defaultConfigurationName = Release;
		};
		23B6DAC72EFDA93700D5AB34 /* Build configuration list for PBXNativeTarget "zenban" */ = {
			isa = XCConfigurationList;
			buildConfigurations = (
				23B6DAC82EFDA93700D5AB34 /* Debug */,
				23B6DAC92EFDA93700D5AB34 /* Release */,
			);
			defaultConfigurationIsVisible = 0;
			defaultConfigurationName = Release;
		};
		23B6DACA2EFDA93700D5AB34 /* Build configuration list for PBXNativeTarget "zenbanTests" */ = {
			isa = XCConfigurationList;
			buildConfigurations = (
				23B6DACB2EFDA93700D5AB34 /* Debug */,
				23B6DACC2EFDA93700D5AB34 /* Release */,
			);
			defaultConfigurationIsVisible = 0;
			defaultConfigurationName = Release;
		};
		23B6DACD2EFDA93700D5AB34 /* Build configuration list for PBXNativeTarget "zenbanUITests" */ = {
			isa = XCConfigurationList;
			buildConfigurations = (
				23B6DACE2EFDA93700D5AB34 /* Debug */,
				23B6DACF2EFDA93700D5AB34 /* Release */,
			);
			defaultConfigurationIsVisible = 0;
			defaultConfigurationName = Release;
		};
/* End XCConfigurationList section */

/* Begin XCRemoteSwiftPackageReference section */
		18FA255C9F11408C8DB18369 /* XCRemoteSwiftPackageReference "CodeEditTextView" */ = {
			isa = XCRemoteSwiftPackageReference;
			repositoryURL = "https://github.com/CodeEditApp/CodeEditTextView.git";
			requirement = {
				kind = upToNextMajorVersion;
				minimumVersion = 0.12.1;
			};
		};
		4E26F0CB434349ABBC938F2B /* XCRemoteSwiftPackageReference "CodeEditSymbols" */ = {
			isa = XCRemoteSwiftPackageReference;
			repositoryURL = "https://github.com/CodeEditApp/CodeEditSymbols.git";
			requirement = {
				kind = upToNextMajorVersion;
				minimumVersion = 0.2.3;
			};
		};
		5CDF753EA2FB40DDB955C0A6 /* XCRemoteSwiftPackageReference "CodeEditLanguages" */ = {
			isa = XCRemoteSwiftPackageReference;
			repositoryURL = "https://github.com/CodeEditApp/CodeEditLanguages.git";
			requirement = {
				kind = upToNextMajorVersion;
				minimumVersion = 0.1.20;
			};
		};
		AD8D57EBCC204B0A8CCC0988 /* XCRemoteSwiftPackageReference "CodeEditSourceEditor" */ = {
			isa = XCRemoteSwiftPackageReference;
			repositoryURL = "https://github.com/CodeEditApp/CodeEditSourceEditor.git";
			requirement = {
				kind = upToNextMajorVersion;
				minimumVersion = 0.9.1;
			};
		};
/* End XCRemoteSwiftPackageReference section */

/* Begin XCSwiftPackageProductDependency section */
		0F130FE69B3B46DE88340E02 /* CodeEditLanguages */ = {
			isa = XCSwiftPackageProductDependency;
			package = 5CDF753EA2FB40DDB955C0A6 /* XCRemoteSwiftPackageReference "CodeEditLanguages" */;
			productName = CodeEditLanguages;
		};
		1B6E2133151B4B8A9DE213DC /* CodeEditTextView */ = {
			isa = XCSwiftPackageProductDependency;
			package = 18FA255C9F11408C8DB18369 /* XCRemoteSwiftPackageReference "CodeEditTextView" */;
			productName = CodeEditTextView;
		};
		9149CD05B1074D1490C41427 /* CodeEditSourceEditor */ = {
			isa = XCSwiftPackageProductDependency;
			package = AD8D57EBCC204B0A8CCC0988 /* XCRemoteSwiftPackageReference "CodeEditSourceEditor" */;
			productName = CodeEditSourceEditor;
		};
		A67F2A020FCB4AB1B074837D /* CodeEditSymbols */ = {
			isa = XCSwiftPackageProductDependency;
			package = 4E26F0CB434349ABBC938F2B /* XCRemoteSwiftPackageReference "CodeEditSymbols" */;
			productName = CodeEditSymbols;
		};
/* End XCSwiftPackageProductDependency section */
	};
	rootObject = 23B6DA9E2EFDA93600D5AB34 /* Project object */;
}
