// !$*UTF8*$!
{
	archiveVersion = 1;
	classes = {
	};
	objectVersion = 77;
	objects = {

/* Begin PBXBuildFile section */
		12F1C5E23C2B47B1B6A14B03 /* CodeEditLanguages in Frameworks */ = {isa = PBXBuildFile; productRef = 0F130FE69B3B46DE88340E02 /* CodeEditLanguages */; };
		8F10A100B000C000D000E001 /* Sentry in Frameworks */ = {isa = PBXBuildFile; productRef = 8F10A100B000C000D000E201 /* Sentry */; };
		8F10A100B000C000D000E002 /* MarkdownUI in Frameworks */ = {isa = PBXBuildFile; productRef = 8F10A100B000C000D000E202 /* MarkdownUI */; };
		93CEACC71254477CB987BA45 /* CodeEditSymbols in Frameworks */ = {isa = PBXBuildFile; productRef = A67F2A020FCB4AB1B074837D /* CodeEditSymbols */; };
		A1C0D101B202C303D404E505 /* Sparkle in Frameworks */ = {isa = PBXBuildFile; productRef = A1C0D301B202C303D404E505 /* Sparkle */; };
		A1C0D102B202C303D404E505 /* PostHog in Frameworks */ = {isa = PBXBuildFile; productRef = A1C0D302B202C303D404E505 /* PostHog */; };
		A1C0D103B202C303D404E505 /* Bonsplit in Frameworks */ = {isa = PBXBuildFile; productRef = A1C0D303B202C303D404E505 /* Bonsplit */; };
		D7245E606E834A01AF59B435 /* CodeEditSourceEditor in Frameworks */ = {isa = PBXBuildFile; productRef = 9149CD05B1074D1490C41427 /* CodeEditSourceEditor */; };
		ECC201D4093342D8A219C1EA /* CodeEditTextView in Frameworks */ = {isa = PBXBuildFile; productRef = 1B6E2133151B4B8A9DE213DC /* CodeEditTextView */; };
/* End PBXBuildFile section */

/* Begin PBXContainerItemProxy section */
		23B6DAB42EFDA93700D5AB34 /* PBXContainerItemProxy */ = {
			isa = PBXContainerItemProxy;
			containerPortal = 23B6DA9E2EFDA93600D5AB34 /* Project object */;
			proxyType = 1;
			remoteGlobalIDString = 23B6DAA52EFDA93600D5AB34;
			remoteInfo = zenban;
		};
		23B6DABE2EFDA93700D5AB34 /* PBXContainerItemProxy */ = {
			isa = PBXContainerItemProxy;
			containerPortal = 23B6DA9E2EFDA93600D5AB34 /* Project object */;
			proxyType = 1;
			remoteGlobalIDString = 23B6DAA52EFDA93600D5AB34;
			remoteInfo = zenban;
		};
/* End PBXContainerItemProxy section */

/* Begin PBXFileReference section */
		23B6DAA62EFDA93600D5AB34 /* Zenban.app */ = {isa = PBXFileReference; explicitFileType = wrapper.application; includeInIndex = 0; path = Zenban.app; sourceTree = BUILT_PRODUCTS_DIR; };
		23B6DAB32EFDA93700D5AB34 /* zenbanTests.xctest */ = {isa = PBXFileReference; explicitFileType = wrapper.cfbundle; includeInIndex = 0; path = zenbanTests.xctest; sourceTree = BUILT_PRODUCTS_DIR; };
		23B6DABD2EFDA93700D5AB34 /* zenbanUITests.xctest */ = {isa = PBXFileReference; explicitFileType = wrapper.cfbundle; includeInIndex = 0; path = zenbanUITests.xctest; sourceTree = BUILT_PRODUCTS_DIR; };
/* End PBXFileReference section */

/* Begin PBXFileSystemSynchronizedBuildFileExceptionSet section */
		23B6DBB12EFFAA0000D5AB34 /* Exceptions for "zenban" folder in "zenban" target */ = {
			isa = PBXFileSystemSynchronizedBuildFileExceptionSet;
			membershipExceptions = (
				Info.plist,
			);
			target = 23B6DAA52EFDA93600D5AB34 /* zenban */;
		};
/* End PBXFileSystemSynchronizedBuildFileExceptionSet section */

/* Begin PBXFileSystemSynchronizedRootGroup section */
		23B6DAA82EFDA93600D5AB34 /* zenban */ = {
			isa = PBXFileSystemSynchronizedRootGroup;
			exceptions = (
				23B6DBB12EFFAA0000D5AB34 /* Exceptions for "zenban" folder in "zenban" target */,
			);
			path = zenban;
			sourceTree = "<group>";
		};
		23B6DAB62EFDA93700D5AB34 /* zenbanTests */ = {
			isa = PBXFileSystemSynchronizedRootGroup;
			path = zenbanTests;
			sourceTree = "<group>";
		};
		23B6DAC02EFDA93700D5AB34 /* zenbanUITests */ = {
			isa = PBXFileSystemSynchronizedRootGroup;
			path = zenbanUITests;
			sourceTree = "<group>";
		};
/* End PBXFileSystemSynchronizedRootGroup section */

/* Begin PBXFrameworksBuildPhase section */
		23B6DAA32EFDA93600D5AB34 /* Frameworks */ = {
			isa = PBXFrameworksBuildPhase;
			buildActionMask = 2147483647;
			files = (
				D7245E606E834A01AF59B435 /* CodeEditSourceEditor in Frameworks */,
				12F1C5E23C2B47B1B6A14B03 /* CodeEditLanguages in Frameworks */,
				A1C0D103B202C303D404E505 /* Bonsplit in Frameworks */,
				A1C0D102B202C303D404E505 /* PostHog in Frameworks */,
				8F10A100B000C000D000E001 /* Sentry in Frameworks */,
				A1C0D101B202C303D404E505 /* Sparkle in Frameworks */,
				8F10A100B000C000D000E002 /* MarkdownUI in Frameworks */,
				ECC201D4093342D8A219C1EA /* CodeEditTextView in Frameworks */,
				93CEACC71254477CB987BA45 /* CodeEditSymbols in Frameworks */,
			);
			runOnlyForDeploymentPostprocessing = 0;
		};
		23B6DAB02EFDA93700D5AB34 /* Frameworks */ = {
			isa = PBXFrameworksBuildPhase;
			buildActionMask = 2147483647;
			files = (
			);
			runOnlyForDeploymentPostprocessing = 0;
		};
		23B6DABA2EFDA93700D5AB34 /* Frameworks */ = {
			isa = PBXFrameworksBuildPhase;
			buildActionMask = 2147483647;
			files = (
			);
			runOnlyForDeploymentPostprocessing = 0;
		};
/* End PBXFrameworksBuildPhase section */

/* Begin PBXGroup section */
		23B6DA9D2EFDA93600D5AB34 = {
			isa = PBXGroup;
			children = (
				23B6DAA82EFDA93600D5AB34 /* zenban */,
				23B6DAB62EFDA93700D5AB34 /* zenbanTests */,
				23B6DAC02EFDA93700D5AB34 /* zenbanUITests */,
				34A65B16E2F644D6AE876491 /* Vendor */,
				23B6DAA72EFDA93600D5AB34 /* Products */,
			);
			sourceTree = "<group>";
		};
		23B6DAA72EFDA93600D5AB34 /* Products */ = {
			isa = PBXGroup;
			children = (
				23B6DAA62EFDA93600D5AB34 /* Zenban.app */,
				23B6DAB32EFDA93700D5AB34 /* zenbanTests.xctest */,
				23B6DABD2EFDA93700D5AB34 /* zenbanUITests.xctest */,
			);
			name = Products;
			sourceTree = "<group>";
		};
		34A65B16E2F644D6AE876491 /* Vendor */ = {
			isa = PBXGroup;
			children = (
			);
			path = Vendor;
			sourceTree = "<group>";
		};
/* End PBXGroup section */

/* Begin PBXNativeTarget section */
		23B6DAA52EFDA93600D5AB34 /* zenban */ = {
			isa = PBXNativeTarget;
			buildConfigurationList = 23B6DAC72EFDA93700D5AB34 /* Build configuration list for PBXNativeTarget "zenban" */;
			buildPhases = (
				23B6DAA22EFDA93600D5AB34 /* Sources */,
				23B6DAA32EFDA93600D5AB34 /* Frameworks */,
				23B6DAA42EFDA93600D5AB34 /* Resources */,
				A1C0D104B202C303D404E505 /* Prepare Cmux Artifacts */,
			);
			buildRules = (
			);
			dependencies = (
			);
			fileSystemSynchronizedGroups = (
				23B6DAA82EFDA93600D5AB34 /* zenban */,
			);
			name = zenban;
			packageProductDependencies = (
				9149CD05B1074D1490C41427 /* CodeEditSourceEditor */,
				0F130FE69B3B46DE88340E02 /* CodeEditLanguages */,
				1B6E2133151B4B8A9DE213DC /* CodeEditTextView */,
				A67F2A020FCB4AB1B074837D /* CodeEditSymbols */,
				A1C0D303B202C303D404E505 /* Bonsplit */,
				A1C0D302B202C303D404E505 /* PostHog */,
				8F10A100B000C000D000E201 /* Sentry */,
				A1C0D301B202C303D404E505 /* Sparkle */,
				8F10A100B000C000D000E202 /* MarkdownUI */,
			);
			productName = Zenban;
			productReference = 23B6DAA62EFDA93600D5AB34 /* Zenban.app */;
			productType = "com.apple.product-type.application";
		};
		23B6DAB22EFDA93700D5AB34 /* zenbanTests */ = {
			isa = PBXNativeTarget;
			buildConfigurationList = 23B6DACA2EFDA93700D5AB34 /* Build configuration list for PBXNativeTarget "zenbanTests" */;
			buildPhases = (
				23B6DAAF2EFDA93700D5AB34 /* Sources */,
				23B6DAB02EFDA93700D5AB34 /* Frameworks */,
				23B6DAB12EFDA93700D5AB34 /* Resources */,
			);
			buildRules = (
			);
			dependencies = (
				23B6DAB52EFDA93700D5AB34 /* PBXTargetDependency */,
			);
			fileSystemSynchronizedGroups = (
				23B6DAB62EFDA93700D5AB34 /* zenbanTests */,
			);
			name = zenbanTests;
			packageProductDependencies = (
			);
			productName = zenbanTests;
			productReference = 23B6DAB32EFDA93700D5AB34 /* zenbanTests.xctest */;
			productType = "com.apple.product-type.bundle.unit-test";
		};
		23B6DABC2EFDA93700D5AB34 /* zenbanUITests */ = {
			isa = PBXNativeTarget;
			buildConfigurationList = 23B6DACD2EFDA93700D5AB34 /* Build configuration list for PBXNativeTarget "zenbanUITests" */;
			buildPhases = (
				23B6DAB92EFDA93700D5AB34 /* Sources */,
				23B6DABA2EFDA93700D5AB34 /* Frameworks */,
				23B6DABB2EFDA93700D5AB34 /* Resources */,
			);
			buildRules = (
			);
			dependencies = (
				23B6DABF2EFDA93700D5AB34 /* PBXTargetDependency */,
			);
			fileSystemSynchronizedGroups = (
				23B6DAC02EFDA93700D5AB34 /* zenbanUITests */,
			);
			name = zenbanUITests;
			packageProductDependencies = (
			);
			productName = zenbanUITests;
			productReference = 23B6DABD2EFDA93700D5AB34 /* zenbanUITests.xctest */;
			productType = "com.apple.product-type.bundle.ui-testing";
		};
/* End PBXNativeTarget section */

/* Begin PBXProject section */
		23B6DA9E2EFDA93600D5AB34 /* Project object */ = {
			isa = PBXProject;
			attributes = {
				BuildIndependentTargetsInParallel = 1;
				LastSwiftUpdateCheck = 2620;
				LastUpgradeCheck = 2620;
				TargetAttributes = {
					23B6DAA52EFDA93600D5AB34 = {
						CreatedOnToolsVersion = 26.2;
					};
					23B6DAB22EFDA93700D5AB34 = {
						CreatedOnToolsVersion = 26.2;
						TestTargetID = 23B6DAA52EFDA93600D5AB34;
					};
					23B6DABC2EFDA93700D5AB34 = {
						CreatedOnToolsVersion = 26.2;
						TestTargetID = 23B6DAA52EFDA93600D5AB34;
					};
				};
			};
			buildConfigurationList = 23B6DAA12EFDA93600D5AB34 /* Build configuration list for PBXProject "zenban" */;
			developmentRegion = en;
			hasScannedForEncodings = 0;
			knownRegions = (
				en,
				Base,
			);
			mainGroup = 23B6DA9D2EFDA93600D5AB34;
			minimizedProjectReferenceProxies = 1;
			packageReferences = (
				D0A1B2C3D4E5F60718293A4B /* XCLocalSwiftPackageReference "Packages/CodeEditSourceEditor" */,
				D0A1B2C3D4E5F60718293A4E /* XCLocalSwiftPackageReference "Packages/CodeEditLanguages" */,
				D0A1B2C3D4E5F60718293A4C /* XCLocalSwiftPackageReference "Packages/CodeEditTextView" */,
				D0A1B2C3D4E5F60718293A4D /* XCLocalSwiftPackageReference "Packages/CodeEditSymbols" */,
				A1C0D201B202C303D404E505 /* XCLocalSwiftPackageReference "cmux-import/bonsplit" */,
				A1C0D202B202C303D404E505 /* XCRemoteSwiftPackageReference "Sparkle" */,
				A1C0D203B202C303D404E505 /* XCRemoteSwiftPackageReference "posthog-ios" */,
				8F10A100B000C000D000E101 /* XCRemoteSwiftPackageReference "sentry-cocoa" */,
				8F10A100B000C000D000E102 /* XCRemoteSwiftPackageReference "swift-markdown-ui" */,
			);
			preferredProjectObjectVersion = 77;
			productRefGroup = 23B6DAA72EFDA93600D5AB34 /* Products */;
			projectDirPath = "";
			projectRoot = "";
			targets = (
				23B6DAA52EFDA93600D5AB34 /* zenban */,
				23B6DAB22EFDA93700D5AB34 /* zenbanTests */,
				23B6DABC2EFDA93700D5AB34 /* zenbanUITests */,
			);
		};
/* End PBXProject section */

/* Begin PBXResourcesBuildPhase section */
		23B6DAA42EFDA93600D5AB34 /* Resources */ = {
			isa = PBXResourcesBuildPhase;
			buildActionMask = 2147483647;
			files = (
			);
			runOnlyForDeploymentPostprocessing = 0;
		};
		23B6DAB12EFDA93700D5AB34 /* Resources */ = {
			isa = PBXResourcesBuildPhase;
			buildActionMask = 2147483647;
			files = (
			);
			runOnlyForDeploymentPostprocessing = 0;
		};
		23B6DABB2EFDA93700D5AB34 /* Resources */ = {
			isa = PBXResourcesBuildPhase;
			buildActionMask = 2147483647;
			files = (
			);
			runOnlyForDeploymentPostprocessing = 0;
		};
/* End PBXResourcesBuildPhase section */

/* Begin PBXShellScriptBuildPhase section */
		A1C0D104B202C303D404E505 /* Prepare Cmux Artifacts */ = {
			isa = PBXShellScriptBuildPhase;
			buildActionMask = 2147483647;
			files = (
			);
			inputFileListPaths = (
			);
			inputPaths = (
			);
			name = "Prepare Cmux Artifacts";
			outputFileListPaths = (
			);
			outputPaths = (
			);
			runOnlyForDeploymentPostprocessing = 0;
			shellPath = /bin/sh;
			shellScript = "set -euo pipefail\nCMUX_IMPORT=\"${SRCROOT}/cmux-import\"\nDEST=\"${TARGET_BUILD_DIR}/${UNLOCALIZED_RESOURCES_FOLDER_PATH}\"\nBIN_DEST=\"${DEST}/bin\"\nGHOSTTY_DEST=\"${DEST}/ghostty\"\nTERMINFO_DEST=\"${DEST}/terminfo\"\nCMUX_SHELL_DEST=\"${DEST}/shell-integration\"\nSENTRY_SHARED=\"${SRCROOT}/zenban/CmuxImport/ZenbanSentrySettings.swift\"\nSENTRY_FIX_SWIFT=\"${SRCROOT}/zenban/CmuxImport/ZenbanSentryCompression.swift\"\nSENTRY_FIX_M=\"${SRCROOT}/zenban/CmuxImport/SentryCompressionFix.m\"\nSENTRY_FIX_OBJECT=\"${DERIVED_FILE_DIR}/SentryCompressionFix.o\"\nSENTRY_FRAMEWORK_DIR=\"${BUILT_PRODUCTS_DIR}\"\nSENTRY_RUNTIME_RPATH=\"@executable_path/../../Frameworks\"\nTERMINAL_RUNTIME_PROTOCOL=\"${SRCROOT}/zenban/CmuxImport/ZenbanTerminalRuntimeProtocol.swift\"\nSWIFTC_DEBUG_FLAG=\"\"\nif [ \"$CONFIGURATION\" = \"Debug\" ]; then\n  SWIFTC_DEBUG_FLAG=\"-D DEBUG\"\nfi\nmkdir -p \"$BIN_DEST\"\n/usr/bin/xcrun clang -fobjc-arc -c \"$SENTRY_FIX_M\" -o \"$SENTRY_FIX_OBJECT\"\nif [ -n \"$SWIFTC_DEBUG_FLAG\" ]; then\n  /usr/bin/xcrun swiftc $SWIFTC_DEBUG_FLAG -O -parse-as-library -F \"$SENTRY_FRAMEWORK_DIR\" \"$CMUX_IMPORT/CLI/cmux.swift\" \"$SENTRY_SHARED\" \"$SENTRY_FIX_SWIFT\" \"$SENTRY_FIX_OBJECT\" -framework Sentry -Xlinker -rpath -Xlinker \"$SENTRY_RUNTIME_RPATH\" -Xlinker -lz -o \"$BIN_DEST/cmux\"\n  /usr/bin/xcrun swiftc $SWIFTC_DEBUG_FLAG -O \"$CMUX_IMPORT/CLI/zenban-terminal-daemon.swift\" \"$TERMINAL_RUNTIME_PROTOCOL\" -o \"$BIN_DEST/zenban-terminal-daemon\"\n  /usr/bin/xcrun swiftc $SWIFTC_DEBUG_FLAG -O \"$CMUX_IMPORT/CLI/zenban-terminal-bridge.swift\" \"$TERMINAL_RUNTIME_PROTOCOL\" -o \"$BIN_DEST/zenban-terminal-bridge\"\nelse\n  /usr/bin/xcrun swiftc -O -parse-as-library -F \"$SENTRY_FRAMEWORK_DIR\" \"$CMUX_IMPORT/CLI/cmux.swift\" \"$SENTRY_SHARED\" \"$SENTRY_FIX_SWIFT\" \"$SENTRY_FIX_OBJECT\" -framework Sentry -Xlinker -rpath -Xlinker \"$SENTRY_RUNTIME_RPATH\" -Xlinker -lz -o \"$BIN_DEST/cmux\"\n  /usr/bin/xcrun swiftc -O \"$CMUX_IMPORT/CLI/zenban-terminal-daemon.swift\" \"$TERMINAL_RUNTIME_PROTOCOL\" -o \"$BIN_DEST/zenban-terminal-daemon\"\n  /usr/bin/xcrun swiftc -O \"$CMUX_IMPORT/CLI/zenban-terminal-bridge.swift\" \"$TERMINAL_RUNTIME_PROTOCOL\" -o \"$BIN_DEST/zenban-terminal-bridge\"\nfi\n/bin/chmod 755 \"$BIN_DEST/cmux\"\n/bin/chmod 755 \"$BIN_DEST/zenban-terminal-daemon\"\n/bin/chmod 755 \"$BIN_DEST/zenban-terminal-bridge\"\n/usr/bin/install -m 755 \"$CMUX_IMPORT/bin/claude\" \"$BIN_DEST/claude\"\n/usr/bin/install -m 755 \"$CMUX_IMPORT/bin/open\" \"$BIN_DEST/open\"\nSRC_SHARE=\"${CMUX_IMPORT}/ghostty/zig-out/share\"\nGHOSTTY_SRC=\"${SRC_SHARE}/ghostty\"\nTERMINFO_SRC=\"${SRC_SHARE}/terminfo\"\nFALLBACK_GHOSTTY=\"${CMUX_IMPORT}/ghostty\"\nFALLBACK_TERMINFO=\"${CMUX_IMPORT}/ghostty/terminfo\"\nTERMINFO_OVERLAY=\"${CMUX_IMPORT}/terminfo-overlay\"\nCMUX_SHELL_SRC=\"${CMUX_IMPORT}/shell-integration\"\nCMUX_GHOSTTY_ZSH_SRC=\"${CMUX_IMPORT}/ghostty/src/shell-integration/zsh/ghostty-integration\"\nif [ -d \"$GHOSTTY_SRC\" ]; then\n  mkdir -p \"$GHOSTTY_DEST\"\n  /usr/bin/rsync -a --delete \"$GHOSTTY_SRC/\" \"$GHOSTTY_DEST/\"\nelif [ -d \"$FALLBACK_GHOSTTY\" ]; then\n  mkdir -p \"$GHOSTTY_DEST\"\n  /usr/bin/rsync -a --delete \"$FALLBACK_GHOSTTY/\" \"$GHOSTTY_DEST/\"\nfi\nif [ -d \"$TERMINFO_SRC\" ]; then\n  mkdir -p \"$TERMINFO_DEST\"\n  /usr/bin/rsync -a --delete \"$TERMINFO_SRC/\" \"$TERMINFO_DEST/\"\nelif [ -d \"$FALLBACK_TERMINFO\" ]; then\n  mkdir -p \"$TERMINFO_DEST\"\n  /usr/bin/rsync -a --delete \"$FALLBACK_TERMINFO/\" \"$TERMINFO_DEST/\"\nfi\nif [ -d \"$TERMINFO_OVERLAY\" ]; then\n  mkdir -p \"$TERMINFO_DEST\"\n  /usr/bin/rsync -a \"$TERMINFO_OVERLAY/\" \"$TERMINFO_DEST/\"\nfi\nif [ -d \"$CMUX_SHELL_SRC\" ]; then\n  mkdir -p \"$CMUX_SHELL_DEST\"\n  /usr/bin/rsync -a \"$CMUX_SHELL_SRC/.\" \"$CMUX_SHELL_DEST/\"\nfi\nif [ -f \"$CMUX_GHOSTTY_ZSH_SRC\" ]; then\n  mkdir -p \"$CMUX_SHELL_DEST\"\n  /usr/bin/rsync -a \"$CMUX_GHOSTTY_ZSH_SRC\" \"$CMUX_SHELL_DEST/ghostty-integration.zsh\"\nfi\n";
		};
/* End PBXShellScriptBuildPhase section */

/* Begin PBXSourcesBuildPhase section */
		23B6DAA22EFDA93600D5AB34 /* Sources */ = {
			isa = PBXSourcesBuildPhase;
			buildActionMask = 2147483647;
			files = (
			);
			runOnlyForDeploymentPostprocessing = 0;
		};
		23B6DAAF2EFDA93700D5AB34 /* Sources */ = {
			isa = PBXSourcesBuildPhase;
			buildActionMask = 2147483647;
			files = (
			);
			runOnlyForDeploymentPostprocessing = 0;
		};
		23B6DAB92EFDA93700D5AB34 /* Sources */ = {
			isa = PBXSourcesBuildPhase;
			buildActionMask = 2147483647;
			files = (
			);
			runOnlyForDeploymentPostprocessing = 0;
		};
/* End PBXSourcesBuildPhase section */

/* Begin PBXTargetDependency section */
		23B6DAB52EFDA93700D5AB34 /* PBXTargetDependency */ = {
			isa = PBXTargetDependency;
			target = 23B6DAA52EFDA93600D5AB34 /* zenban */;
			targetProxy = 23B6DAB42EFDA93700D5AB34 /* PBXContainerItemProxy */;
		};
		23B6DABF2EFDA93700D5AB34 /* PBXTargetDependency */ = {
			isa = PBXTargetDependency;
			target = 23B6DAA52EFDA93600D5AB34 /* zenban */;
			targetProxy = 23B6DABE2EFDA93700D5AB34 /* PBXContainerItemProxy */;
		};
/* End PBXTargetDependency section */

/* Begin XCBuildConfiguration section */
		23B6DAC52EFDA93700D5AB34 /* Debug */ = {
			isa = XCBuildConfiguration;
			buildSettings = {
				ALWAYS_SEARCH_USER_PATHS = NO;
				ASSETCATALOG_COMPILER_GENERATE_SWIFT_ASSET_SYMBOL_EXTENSIONS = YES;
				CLANG_ANALYZER_NONNULL = YES;
				CLANG_ANALYZER_NUMBER_OBJECT_CONVERSION = YES_AGGRESSIVE;
				CLANG_CXX_LANGUAGE_STANDARD = "gnu++20";
				CLANG_ENABLE_MODULES = YES;
				CLANG_ENABLE_OBJC_ARC = YES;
				CLANG_ENABLE_OBJC_WEAK = YES;
				CLANG_WARN_BLOCK_CAPTURE_AUTORELEASING = YES;
				CLANG_WARN_BOOL_CONVERSION = YES;
				CLANG_WARN_COMMA = YES;
				CLANG_WARN_CONSTANT_CONVERSION = YES;
				CLANG_WARN_DEPRECATED_OBJC_IMPLEMENTATIONS = YES;
				CLANG_WARN_DIRECT_OBJC_ISA_USAGE = YES_ERROR;
				CLANG_WARN_DOCUMENTATION_COMMENTS = YES;
				CLANG_WARN_EMPTY_BODY = YES;
				CLANG_WARN_ENUM_CONVERSION = YES;
				CLANG_WARN_INFINITE_RECURSION = YES;
				CLANG_WARN_INT_CONVERSION = YES;
				CLANG_WARN_NON_LITERAL_NULL_CONVERSION = YES;
				CLANG_WARN_OBJC_IMPLICIT_RETAIN_SELF = YES;
				CLANG_WARN_OBJC_LITERAL_CONVERSION = YES;
				CLANG_WARN_OBJC_ROOT_CLASS = YES_ERROR;
				CLANG_WARN_QUOTED_INCLUDE_IN_FRAMEWORK_HEADER = YES;
				CLANG_WARN_RANGE_LOOP_ANALYSIS = YES;
				CLANG_WARN_STRICT_PROTOTYPES = YES;
				CLANG_WARN_SUSPICIOUS_MOVE = YES;
				CLANG_WARN_UNGUARDED_AVAILABILITY = YES_AGGRESSIVE;
				CLANG_WARN_UNREACHABLE_CODE = YES;
				CLANG_WARN__DUPLICATE_METHOD_MATCH = YES;
				COPY_PHASE_STRIP = NO;
				DEBUG_INFORMATION_FORMAT = dwarf;
				DEVELOPMENT_TEAM = 5BV7M9S54F;
				ENABLE_STRICT_OBJC_MSGSEND = YES;
				ENABLE_TESTABILITY = YES;
				ENABLE_USER_SCRIPT_SANDBOXING = NO;
				GCC_C_LANGUAGE_STANDARD = gnu17;
				GCC_DYNAMIC_NO_PIC = NO;
				GCC_NO_COMMON_BLOCKS = YES;
				GCC_OPTIMIZATION_LEVEL = 0;
				GCC_PREPROCESSOR_DEFINITIONS = (
					"DEBUG=1",
					"$(inherited)",
				);
				GCC_WARN_64_TO_32_BIT_CONVERSION = YES;
				GCC_WARN_ABOUT_RETURN_TYPE = YES_ERROR;
				GCC_WARN_UNDECLARED_SELECTOR = YES;
				GCC_WARN_UNINITIALIZED_AUTOS = YES_AGGRESSIVE;
				GCC_WARN_UNUSED_FUNCTION = YES;
				GCC_WARN_UNUSED_VARIABLE = YES;
				LOCALIZATION_PREFERS_STRING_CATALOGS = YES;
				MACOSX_DEPLOYMENT_TARGET = 15.6;
				MTL_ENABLE_DEBUG_INFO = INCLUDE_SOURCE;
				MTL_FAST_MATH = YES;
				ONLY_ACTIVE_ARCH = YES;
				SDKROOT = macosx;
				SWIFT_ACTIVE_COMPILATION_CONDITIONS = "DEBUG $(inherited)";
				SWIFT_OPTIMIZATION_LEVEL = "-Onone";
			};
			name = Debug;
		};
		23B6DAC62EFDA93700D5AB34 /* Release */ = {
			isa = XCBuildConfiguration;
			buildSettings = {
				ALWAYS_SEARCH_USER_PATHS = NO;
				ASSETCATALOG_COMPILER_GENERATE_SWIFT_ASSET_SYMBOL_EXTENSIONS = YES;
				CLANG_ANALYZER_NONNULL = YES;
				CLANG_ANALYZER_NUMBER_OBJECT_CONVERSION = YES_AGGRESSIVE;
				CLANG_CXX_LANGUAGE_STANDARD = "gnu++20";
				CLANG_ENABLE_MODULES = YES;
				CLANG_ENABLE_OBJC_ARC = YES;
				CLANG_ENABLE_OBJC_WEAK = YES;
				CLANG_WARN_BLOCK_CAPTURE_AUTORELEASING = YES;
				CLANG_WARN_BOOL_CONVERSION = YES;
				CLANG_WARN_COMMA = YES;
				CLANG_WARN_CONSTANT_CONVERSION = YES;
				CLANG_WARN_DEPRECATED_OBJC_IMPLEMENTATIONS = YES;
				CLANG_WARN_DIRECT_OBJC_ISA_USAGE = YES_ERROR;
				CLANG_WARN_DOCUMENTATION_COMMENTS = YES;
				CLANG_WARN_EMPTY_BODY = YES;
				CLANG_WARN_ENUM_CONVERSION = YES;
				CLANG_WARN_INFINITE_RECURSION = YES;
				CLANG_WARN_INT_CONVERSION = YES;
				CLANG_WARN_NON_LITERAL_NULL_CONVERSION = YES;
				CLANG_WARN_OBJC_IMPLICIT_RETAIN_SELF = YES;
				CLANG_WARN_OBJC_LITERAL_CONVERSION = YES;
				CLANG_WARN_OBJC_ROOT_CLASS = YES_ERROR;
				CLANG_WARN_QUOTED_INCLUDE_IN_FRAMEWORK_HEADER = YES;
				CLANG_WARN_RANGE_LOOP_ANALYSIS = YES;
				CLANG_WARN_STRICT_PROTOTYPES = YES;
				CLANG_WARN_SUSPICIOUS_MOVE = YES;
				CLANG_WARN_UNGUARDED_AVAILABILITY = YES_AGGRESSIVE;
				CLANG_WARN_UNREACHABLE_CODE = YES;
				CLANG_WARN__DUPLICATE_METHOD_MATCH = YES;
				COPY_PHASE_STRIP = NO;
				DEBUG_INFORMATION_FORMAT = "dwarf-with-dsym";
				DEVELOPMENT_TEAM = 5BV7M9S54F;
				ENABLE_NS_ASSERTIONS = NO;
				ENABLE_STRICT_OBJC_MSGSEND = YES;
				ENABLE_USER_SCRIPT_SANDBOXING = NO;
				GCC_C_LANGUAGE_STANDARD = gnu17;
				GCC_NO_COMMON_BLOCKS = YES;
				GCC_WARN_64_TO_32_BIT_CONVERSION = YES;
				GCC_WARN_ABOUT_RETURN_TYPE = YES_ERROR;
				GCC_WARN_UNDECLARED_SELECTOR = YES;
				GCC_WARN_UNINITIALIZED_AUTOS = YES_AGGRESSIVE;
				GCC_WARN_UNUSED_FUNCTION = YES;
				GCC_WARN_UNUSED_VARIABLE = YES;
				LOCALIZATION_PREFERS_STRING_CATALOGS = YES;
				MACOSX_DEPLOYMENT_TARGET = 15.6;
				MTL_ENABLE_DEBUG_INFO = NO;
				MTL_FAST_MATH = YES;
				SDKROOT = macosx;
				SWIFT_COMPILATION_MODE = wholemodule;
			};
			name = Release;
		};
		23B6DAC82EFDA93700D5AB34 /* Debug */ = {
			isa = XCBuildConfiguration;
			buildSettings = {
				ASSETCATALOG_COMPILER_APPICON_NAME = AppIcon;
				ASSETCATALOG_COMPILER_GLOBAL_ACCENT_COLOR_NAME = AccentColor;
				CODE_SIGN_ENTITLEMENTS = zenban/zenban.entitlements;
				CODE_SIGN_STYLE = Manual;
				COMBINE_HIDPI_IMAGES = YES;
				CURRENT_PROJECT_VERSION = 1;
				DEVELOPMENT_TEAM = "";
				ENABLE_APP_SANDBOX = NO;
				ENABLE_HARDENED_RUNTIME = YES;
				ENABLE_PREVIEWS = YES;
				ENABLE_USER_SELECTED_FILES = readonly;
				GENERATE_INFOPLIST_FILE = YES;
				HEADER_SEARCH_PATHS = "$(SRCROOT)/Vendor/libgit2/include";
				INFOPLIST_FILE = zenban/Info.plist;
				INFOPLIST_KEY_NSHumanReadableCopyright = "";
				LD_RUNPATH_SEARCH_PATHS = (
					"$(inherited)",
					"@executable_path/../Frameworks",
				);
				LIBRARY_SEARCH_PATHS = (
					"$(SRCROOT)/Vendor/libgit2/lib",
					"$(SRCROOT)/cmux-import/GhosttyKit.xcframework/macos-arm64_x86_64",
				);
				MARKETING_VERSION = 1.0;
				OTHER_LDFLAGS = (
					"-lc++",
					"-lgit2",
					"-lssh2",
					"-lssl",
					"-lcrypto",
					"-lz",
					"-liconv",
					"-framework",
					Carbon,
					"-framework",
					Security,
					"-framework",
					CoreFoundation,
					"-framework",
					Metal,
					"-framework",
					MetalKit,
					"-framework",
					CoreText,
					"-framework",
					QuartzCore,
					"-framework",
					CoreGraphics,
					"-framework",
					IOKit,
					"-framework",
					IOSurface,
					"-framework",
					UniformTypeIdentifiers,
					"-lghostty",
				);
				OTHER_SWIFT_FLAGS = "-Xcc -fmodule-map-file=$(SRCROOT)/Vendor/libgit2/include/module.modulemap";
				PRODUCT_BUNDLE_IDENTIFIER = com.berkaycit.zenban;
				PRODUCT_MODULE_NAME = zenban;
				PRODUCT_NAME = Zenban;
				PROVISIONING_PROFILE_SPECIFIER = "";
				REGISTER_APP_GROUPS = YES;
				STRING_CATALOG_GENERATE_SYMBOLS = YES;
				SWIFT_APPROACHABLE_CONCURRENCY = YES;
				SWIFT_DEFAULT_ACTOR_ISOLATION = MainActor;
				SWIFT_EMIT_LOC_STRINGS = YES;
				SWIFT_INCLUDE_PATHS = "$(SRCROOT)/Vendor/libgit2/include";
				SWIFT_OBJC_BRIDGING_HEADER = "zenban/CmuxImport/cmux-Bridging-Header.h";
				SWIFT_UPCOMING_FEATURE_MEMBER_IMPORT_VISIBILITY = YES;
				SWIFT_VERSION = 5.0;
			};
			name = Debug;
		};
		23B6DAC92EFDA93700D5AB34 /* Release */ = {
			isa = XCBuildConfiguration;
			buildSettings = {
				ASSETCATALOG_COMPILER_APPICON_NAME = AppIcon;
				ASSETCATALOG_COMPILER_GLOBAL_ACCENT_COLOR_NAME = AccentColor;
				CODE_SIGN_ENTITLEMENTS = zenban/zenban.entitlements;
				CODE_SIGN_STYLE = Manual;
				COMBINE_HIDPI_IMAGES = YES;
				CURRENT_PROJECT_VERSION = 1;
				DEVELOPMENT_TEAM = "";
				ENABLE_APP_SANDBOX = NO;
				ENABLE_HARDENED_RUNTIME = YES;
				ENABLE_PREVIEWS = YES;
				ENABLE_USER_SELECTED_FILES = readonly;
				GENERATE_INFOPLIST_FILE = YES;
				HEADER_SEARCH_PATHS = "$(SRCROOT)/Vendor/libgit2/include";
				INFOPLIST_FILE = zenban/Info.plist;
				INFOPLIST_KEY_NSHumanReadableCopyright = "";
				LD_RUNPATH_SEARCH_PATHS = (
					"$(inherited)",
					"@executable_path/../Frameworks",
				);
				LIBRARY_SEARCH_PATHS = (
					"$(SRCROOT)/Vendor/libgit2/lib",
					"$(SRCROOT)/cmux-import/GhosttyKit.xcframework/macos-arm64_x86_64",
				);
				MARKETING_VERSION = 1.0;
				OTHER_LDFLAGS = (
					"-lc++",
					"-lgit2",
					"-lssh2",
					"-lssl",
					"-lcrypto",
					"-lz",
					"-liconv",
					"-framework",
					Carbon,
					"-framework",
					Security,
					"-framework",
					CoreFoundation,
					"-framework",
					Metal,
					"-framework",
					MetalKit,
					"-framework",
					CoreText,
					"-framework",
					QuartzCore,
					"-framework",
					CoreGraphics,
					"-framework",
					IOKit,
					"-framework",
					IOSurface,
					"-framework",
					UniformTypeIdentifiers,
					"-lghostty",
				);
				OTHER_SWIFT_FLAGS = "-Xcc -fmodule-map-file=$(SRCROOT)/Vendor/libgit2/include/module.modulemap";
				PRODUCT_BUNDLE_IDENTIFIER = com.berkaycit.zenban;
				PRODUCT_MODULE_NAME = zenban;
				PRODUCT_NAME = Zenban;
				PROVISIONING_PROFILE_SPECIFIER = "";
				REGISTER_APP_GROUPS = YES;
				STRING_CATALOG_GENERATE_SYMBOLS = YES;
				SWIFT_APPROACHABLE_CONCURRENCY = YES;
				SWIFT_DEFAULT_ACTOR_ISOLATION = MainActor;
				SWIFT_EMIT_LOC_STRINGS = YES;
				SWIFT_INCLUDE_PATHS = "$(SRCROOT)/Vendor/libgit2/include";
				SWIFT_OBJC_BRIDGING_HEADER = "zenban/CmuxImport/cmux-Bridging-Header.h";
				SWIFT_UPCOMING_FEATURE_MEMBER_IMPORT_VISIBILITY = YES;
				SWIFT_VERSION = 5.0;
			};
			name = Release;
		};
		23B6DACB2EFDA93700D5AB34 /* Debug */ = {
			isa = XCBuildConfiguration;
			buildSettings = {
				BUNDLE_LOADER = "$(TEST_HOST)";
				CODE_SIGN_STYLE = Manual;
				CURRENT_PROJECT_VERSION = 1;
				DEVELOPMENT_TEAM = "";
				GENERATE_INFOPLIST_FILE = YES;
				HEADER_SEARCH_PATHS = "$(SRCROOT)/Vendor/libgit2/include";
				LIBRARY_SEARCH_PATHS = "$(SRCROOT)/Vendor/libgit2/lib";
				MACOSX_DEPLOYMENT_TARGET = 15.6;
				MARKETING_VERSION = 1.0;
				OTHER_SWIFT_FLAGS = "-Xcc -fmodule-map-file=$(SRCROOT)/Vendor/libgit2/include/module.modulemap";
				PRODUCT_BUNDLE_IDENTIFIER = com.berkaycit.zenbanTests;
				PRODUCT_NAME = "$(TARGET_NAME)";
				STRING_CATALOG_GENERATE_SYMBOLS = NO;
				SWIFT_APPROACHABLE_CONCURRENCY = YES;
				SWIFT_EMIT_LOC_STRINGS = NO;
				SWIFT_INCLUDE_PATHS = "$(SRCROOT)/Vendor/libgit2/include";
				SWIFT_UPCOMING_FEATURE_MEMBER_IMPORT_VISIBILITY = YES;
				SWIFT_VERSION = 5.0;
				TEST_HOST = "$(BUILT_PRODUCTS_DIR)/Zenban.app/$(BUNDLE_EXECUTABLE_FOLDER_PATH)/Zenban";
			};
			name = Debug;
		};
		23B6DACC2EFDA93700D5AB34 /* Release */ = {
			isa = XCBuildConfiguration;
			buildSettings = {
				BUNDLE_LOADER = "$(TEST_HOST)";
				CODE_SIGN_STYLE = Manual;
				CURRENT_PROJECT_VERSION = 1;
				DEVELOPMENT_TEAM = "";
				GENERATE_INFOPLIST_FILE = YES;
				HEADER_SEARCH_PATHS = "$(SRCROOT)/Vendor/libgit2/include";
				LIBRARY_SEARCH_PATHS = "$(SRCROOT)/Vendor/libgit2/lib";
				MACOSX_DEPLOYMENT_TARGET = 15.6;
				MARKETING_VERSION = 1.0;
				OTHER_SWIFT_FLAGS = "-Xcc -fmodule-map-file=$(SRCROOT)/Vendor/libgit2/include/module.modulemap";
				PRODUCT_BUNDLE_IDENTIFIER = com.berkaycit.zenbanTests;
				PRODUCT_NAME = "$(TARGET_NAME)";
				STRING_CATALOG_GENERATE_SYMBOLS = NO;
				SWIFT_APPROACHABLE_CONCURRENCY = YES;
				SWIFT_EMIT_LOC_STRINGS = NO;
				SWIFT_INCLUDE_PATHS = "$(SRCROOT)/Vendor/libgit2/include";
				SWIFT_UPCOMING_FEATURE_MEMBER_IMPORT_VISIBILITY = YES;
				SWIFT_VERSION = 5.0;
				TEST_HOST = "$(BUILT_PRODUCTS_DIR)/Zenban.app/$(BUNDLE_EXECUTABLE_FOLDER_PATH)/Zenban";
			};
			name = Release;
		};
		23B6DACE2EFDA93700D5AB34 /* Debug */ = {
			isa = XCBuildConfiguration;
			buildSettings = {
				CODE_SIGN_STYLE = Manual;
				CURRENT_PROJECT_VERSION = 1;
				DEVELOPMENT_TEAM = "";
				GENERATE_INFOPLIST_FILE = YES;
				MARKETING_VERSION = 1.0;
				PRODUCT_BUNDLE_IDENTIFIER = com.berkaycit.zenbanUITests;
				PRODUCT_NAME = "$(TARGET_NAME)";
				STRING_CATALOG_GENERATE_SYMBOLS = NO;
				SWIFT_APPROACHABLE_CONCURRENCY = YES;
				SWIFT_EMIT_LOC_STRINGS = NO;
				SWIFT_UPCOMING_FEATURE_MEMBER_IMPORT_VISIBILITY = YES;
				SWIFT_VERSION = 5.0;
				TEST_TARGET_NAME = zenban;
			};
			name = Debug;
		};
		23B6DACF2EFDA93700D5AB34 /* Release */ = {
			isa = XCBuildConfiguration;
			buildSettings = {
				CODE_SIGN_STYLE = Manual;
				CURRENT_PROJECT_VERSION = 1;
				DEVELOPMENT_TEAM = "";
				GENERATE_INFOPLIST_FILE = YES;
				MARKETING_VERSION = 1.0;
				PRODUCT_BUNDLE_IDENTIFIER = com.berkaycit.zenbanUITests;
				PRODUCT_NAME = "$(TARGET_NAME)";
				STRING_CATALOG_GENERATE_SYMBOLS = NO;
				SWIFT_APPROACHABLE_CONCURRENCY = YES;
				SWIFT_EMIT_LOC_STRINGS = NO;
				SWIFT_UPCOMING_FEATURE_MEMBER_IMPORT_VISIBILITY = YES;
				SWIFT_VERSION = 5.0;
				TEST_TARGET_NAME = zenban;
			};
			name = Release;
		};
/* End XCBuildConfiguration section */

/* Begin XCConfigurationList section */
		23B6DAA12EFDA93600D5AB34 /* Build configuration list for PBXProject "zenban" */ = {
			isa = XCConfigurationList;
			buildConfigurations = (
				23B6DAC52EFDA93700D5AB34 /* Debug */,
				23B6DAC62EFDA93700D5AB34 /* Release */,
			);
			defaultConfigurationIsVisible = 0;
			defaultConfigurationName = Release;
		};
		23B6DAC72EFDA93700D5AB34 /* Build configuration list for PBXNativeTarget "zenban" */ = {
			isa = XCConfigurationList;
			buildConfigurations = (
				23B6DAC82EFDA93700D5AB34 /* Debug */,
				23B6DAC92EFDA93700D5AB34 /* Release */,
			);
			defaultConfigurationIsVisible = 0;
			defaultConfigurationName = Release;
		};
		23B6DACA2EFDA93700D5AB34 /* Build configuration list for PBXNativeTarget "zenbanTests" */ = {
			isa = XCConfigurationList;
			buildConfigurations = (
				23B6DACB2EFDA93700D5AB34 /* Debug */,
				23B6DACC2EFDA93700D5AB34 /* Release */,
			);
			defaultConfigurationIsVisible = 0;
			defaultConfigurationName = Release;
		};
		23B6DACD2EFDA93700D5AB34 /* Build configuration list for PBXNativeTarget "zenbanUITests" */ = {
			isa = XCConfigurationList;
			buildConfigurations = (
				23B6DACE2EFDA93700D5AB34 /* Debug */,
				23B6DACF2EFDA93700D5AB34 /* Release */,
			);
			defaultConfigurationIsVisible = 0;
			defaultConfigurationName = Release;
		};
/* End XCConfigurationList section */

/* Begin XCLocalSwiftPackageReference section */
		A1C0D201B202C303D404E505 /* XCLocalSwiftPackageReference "cmux-import/bonsplit" */ = {
			isa = XCLocalSwiftPackageReference;
			relativePath = "cmux-import/bonsplit";
		};
		D0A1B2C3D4E5F60718293A4B /* XCLocalSwiftPackageReference "Packages/CodeEditSourceEditor" */ = {
			isa = XCLocalSwiftPackageReference;
			relativePath = Packages/CodeEditSourceEditor;
		};
		D0A1B2C3D4E5F60718293A4C /* XCLocalSwiftPackageReference "Packages/CodeEditTextView" */ = {
			isa = XCLocalSwiftPackageReference;
			relativePath = Packages/CodeEditTextView;
		};
		D0A1B2C3D4E5F60718293A4D /* XCLocalSwiftPackageReference "Packages/CodeEditSymbols" */ = {
			isa = XCLocalSwiftPackageReference;
			relativePath = Packages/CodeEditSymbols;
		};
		D0A1B2C3D4E5F60718293A4E /* XCLocalSwiftPackageReference "Packages/CodeEditLanguages" */ = {
			isa = XCLocalSwiftPackageReference;
			relativePath = Packages/CodeEditLanguages;
		};
/* End XCLocalSwiftPackageReference section */

/* Begin XCRemoteSwiftPackageReference section */
		8F10A100B000C000D000E101 /* XCRemoteSwiftPackageReference "sentry-cocoa" */ = {
			isa = XCRemoteSwiftPackageReference;
			repositoryURL = "https://github.com/getsentry/sentry-cocoa.git";
			requirement = {
				kind = upToNextMajorVersion;
				minimumVersion = 9.7.0;
			};
		};
		8F10A100B000C000D000E102 /* XCRemoteSwiftPackageReference "swift-markdown-ui" */ = {
			isa = XCRemoteSwiftPackageReference;
			repositoryURL = "https://github.com/gonzalezreal/swift-markdown-ui";
			requirement = {
				kind = upToNextMajorVersion;
				minimumVersion = 2.4.1;
			};
		};
		A1C0D202B202C303D404E505 /* XCRemoteSwiftPackageReference "Sparkle" */ = {
			isa = XCRemoteSwiftPackageReference;
			repositoryURL = "https://github.com/sparkle-project/Sparkle";
			requirement = {
				kind = upToNextMajorVersion;
				minimumVersion = 2.5.1;
			};
		};
		A1C0D203B202C303D404E505 /* XCRemoteSwiftPackageReference "posthog-ios" */ = {
			isa = XCRemoteSwiftPackageReference;
			repositoryURL = "https://github.com/PostHog/posthog-ios.git";
			requirement = {
				kind = upToNextMajorVersion;
				minimumVersion = 3.41.0;
			};
		};
/* End XCRemoteSwiftPackageReference section */

/* Begin XCSwiftPackageProductDependency section */
		0F130FE69B3B46DE88340E02 /* CodeEditLanguages */ = {
			isa = XCSwiftPackageProductDependency;
			package = D0A1B2C3D4E5F60718293A4E /* XCLocalSwiftPackageReference "Packages/CodeEditLanguages" */;
			productName = CodeEditLanguages;
		};
		1B6E2133151B4B8A9DE213DC /* CodeEditTextView */ = {
			isa = XCSwiftPackageProductDependency;
			package = D0A1B2C3D4E5F60718293A4C /* XCLocalSwiftPackageReference "Packages/CodeEditTextView" */;
			productName = CodeEditTextView;
		};
		8F10A100B000C000D000E201 /* Sentry */ = {
			isa = XCSwiftPackageProductDependency;
			package = 8F10A100B000C000D000E101 /* XCRemoteSwiftPackageReference "sentry-cocoa" */;
			productName = Sentry;
		};
		8F10A100B000C000D000E202 /* MarkdownUI */ = {
			isa = XCSwiftPackageProductDependency;
			package = 8F10A100B000C000D000E102 /* XCRemoteSwiftPackageReference "swift-markdown-ui" */;
			productName = MarkdownUI;
		};
		9149CD05B1074D1490C41427 /* CodeEditSourceEditor */ = {
			isa = XCSwiftPackageProductDependency;
			package = D0A1B2C3D4E5F60718293A4B /* XCLocalSwiftPackageReference "Packages/CodeEditSourceEditor" */;
			productName = CodeEditSourceEditor;
		};
		A1C0D301B202C303D404E505 /* Sparkle */ = {
			isa = XCSwiftPackageProductDependency;
			package = A1C0D202B202C303D404E505 /* XCRemoteSwiftPackageReference "Sparkle" */;
			productName = Sparkle;
		};
		A1C0D302B202C303D404E505 /* PostHog */ = {
			isa = XCSwiftPackageProductDependency;
			package = A1C0D203B202C303D404E505 /* XCRemoteSwiftPackageReference "posthog-ios" */;
			productName = PostHog;
		};
		A1C0D303B202C303D404E505 /* Bonsplit */ = {
			isa = XCSwiftPackageProductDependency;
			package = A1C0D201B202C303D404E505 /* XCLocalSwiftPackageReference "cmux-import/bonsplit" */;
			productName = Bonsplit;
		};
		A67F2A020FCB4AB1B074837D /* CodeEditSymbols */ = {
			isa = XCSwiftPackageProductDependency;
			package = D0A1B2C3D4E5F60718293A4D /* XCLocalSwiftPackageReference "Packages/CodeEditSymbols" */;
			productName = CodeEditSymbols;
		};
/* End XCSwiftPackageProductDependency section */
	};
	rootObject = 23B6DA9E2EFDA93600D5AB34 /* Project object */;
}
